
Microsoft Visual Studio Solution File, Format Version 12.00
# Visual Studio Version 16
VisualStudioVersion = 16.0.29519.181
MinimumVisualStudioVersion = 10.0.40219.1
Project("{FAE04EC0-301F-11D3-BF4B-00C04F79EFBC}") = "Practica_3", "Practica_3\Practica_3.csproj", "{63B5B5B4-B884-42FF-9734-C773E880F142}"
EndProject
Global
	GlobalSection(SolutionConfigurationPlatforms) = preSolution
		Debug|Any CPU = Debug|Any CPU
		Release|Any CPU = Release|Any CPU
	EndGlobalSection
	GlobalSection(ProjectConfigurationPlatforms) = postSolution
		{63B5B5B4-B884-42FF-9734-C773E880F142}.Debug|Any CPU.ActiveCfg = Debug|Any CPU
		{63B5B5B4-B884-42FF-9734-C773E880F142}.Debug|Any CPU.Build.0 = Debug|Any CPU
		{63B5B5B4-B884-42FF-9734-C773E880F142}.Release|Any CPU.ActiveCfg = Release|Any CPU
		{63B5B5B4-B884-42FF-9734-C773E880F142}.Release|Any CPU.Build.0 = Release|Any CPU
	EndGlobalSection
	GlobalSection(SolutionProperties) = preSolution
		HideSolutionNode = FALSE
	EndGlobalSection
	GlobalSection(ExtensibilityGlobals) = postSolution
		SolutionGuid = {0C81A52B-D092-4230-A2E9-3AADA6E7CEC1}
	EndGlobalSection
EndGlobal
