
Microsoft Visual Studio Solution File, Format Version 12.00
# Visual Studio Version 16
VisualStudioVersion = 16.0.29728.190
MinimumVisualStudioVersion = 10.0.40219.1
Project("{9A19103F-16F7-4668-BE54-9A1E7A4F7556}") = "Ejercicio_I", "Ejercicio_I\Ejercicio_I.csproj", "{0AE014A7-C990-41E6-9B73-FECD78AC221D}"
EndProject
Project("{FAE04EC0-301F-11D3-BF4B-00C04F79EFBC}") = "Ejercicio_II", "Ejercicio_II\Ejercicio_II.csproj", "{13A55DA6-9FBC-4A57-89CF-BA598168F097}"
EndProject
Global
	GlobalSection(SolutionConfigurationPlatforms) = preSolution
		Debug|Any CPU = Debug|Any CPU
		Release|Any CPU = Release|Any CPU
	EndGlobalSection
	GlobalSection(ProjectConfigurationPlatforms) = postSolution
		{0AE014A7-C990-41E6-9B73-FECD78AC221D}.Debug|Any CPU.ActiveCfg = Debug|Any CPU
		{0AE014A7-C990-41E6-9B73-FECD78AC221D}.Debug|Any CPU.Build.0 = Debug|Any CPU
		{0AE014A7-C990-41E6-9B73-FECD78AC221D}.Release|Any CPU.ActiveCfg = Release|Any CPU
		{0AE014A7-C990-41E6-9B73-FECD78AC221D}.Release|Any CPU.Build.0 = Release|Any CPU
		{13A55DA6-9FBC-4A57-89CF-BA598168F097}.Debug|Any CPU.ActiveCfg = Debug|Any CPU
		{13A55DA6-9FBC-4A57-89CF-BA598168F097}.Debug|Any CPU.Build.0 = Debug|Any CPU
		{13A55DA6-9FBC-4A57-89CF-BA598168F097}.Release|Any CPU.ActiveCfg = Release|Any CPU
		{13A55DA6-9FBC-4A57-89CF-BA598168F097}.Release|Any CPU.Build.0 = Release|Any CPU
	EndGlobalSection
	GlobalSection(SolutionProperties) = preSolution
		HideSolutionNode = FALSE
	EndGlobalSection
	GlobalSection(ExtensibilityGlobals) = postSolution
		SolutionGuid = {6DEDB830-72AE-470D-84FE-88D3962A8856}
	EndGlobalSection
EndGlobal
